
Microsoft Visual Studio Solution File, Format Version 12.00
# Visual Studio Version 17
VisualStudioVersion = 17.10.35122.118
MinimumVisualStudioVersion = 10.0.40219.1
Project("{888888A0-9F3D-457C-B088-3A5042F75D52}") = "3KLSC - MISAELLOPEZ-11", "3KLSC - MISAELLOPEZ-11\3KLSC - MISAELLOPEZ-11.pyproj", "{0E6558F9-E45D-4F61-AE7B-2E9DBB7D3358}"
EndProject
Global
	GlobalSection(SolutionConfigurationPlatforms) = preSolution
		Debug|Any CPU = Debug|Any CPU
		Release|Any CPU = Release|Any CPU
	EndGlobalSection
	GlobalSection(ProjectConfigurationPlatforms) = postSolution
		{0E6558F9-E45D-4F61-AE7B-2E9DBB7D3358}.Debug|Any CPU.ActiveCfg = Debug|Any CPU
		{0E6558F9-E45D-4F61-AE7B-2E9DBB7D3358}.Release|Any CPU.ActiveCfg = Release|Any CPU
	EndGlobalSection
	GlobalSection(SolutionProperties) = preSolution
		HideSolutionNode = FALSE
	EndGlobalSection
	GlobalSection(ExtensibilityGlobals) = postSolution
		SolutionGuid = {A45D8BC1-54F5-4EF8-B501-695DD71401F3}
	EndGlobalSection
EndGlobal
